Microsoft Visual Studio Solution File, Format Version 12.00
# Visual Studio Version 17
VisualStudioVersion = 17.5.2.0
MinimumVisualStudioVersion = 10.0.40219.1
Project("{FAE04EC0-301F-11D3-BF4B-00C04F79EFBC}") = "RobentexService", "RobentexService.csproj", "{81FB2ABA-2C90-37BC-3C66-440575E8FE28}"
EndProject
Global
	GlobalSection(SolutionConfigurationPlatforms) = preSolution
		Debug|Any CPU = Debug|Any CPU
		Release|Any CPU = Release|Any CPU
	EndGlobalSection
	GlobalSection(ProjectConfigurationPlatforms) = postSolution
		{81FB2ABA-2C90-37BC-3C66-440575E8FE28}.Debug|Any CPU.ActiveCfg = Debug|Any CPU
		{81FB2ABA-2C90-37BC-3C66-440575E8FE28}.Debug|Any CPU.Build.0 = Debug|Any CPU
		{81FB2ABA-2C90-37BC-3C66-440575E8FE28}.Release|Any CPU.ActiveCfg = Release|Any CPU
		{81FB2ABA-2C90-37BC-3C66-440575E8FE28}.Release|Any CPU.Build.0 = Release|Any CPU
	EndGlobalSection
	GlobalSection(SolutionProperties) = preSolution
		HideSolutionNode = FALSE
	EndGlobalSection
	GlobalSection(ExtensibilityGlobals) = postSolution
		SolutionGuid = {0AE30255-D25E-4026-8765-6FBFE218619A}
	EndGlobalSection
EndGlobal
